
Microsoft Visual Studio Solution File, Format Version 12.00
# Visual Studio Version 17
VisualStudioVersion = 17.2.32630.192
MinimumVisualStudioVersion = 10.0.40219.1
Project("{2150E333-8FDC-42A3-9474-1A3956D46DE8}") = "Web", "Web", "{1AEA6B12-80D1-459F-BB0A-4DB9581D7BFA}"
EndProject
Project("{9A19103F-16F7-4668-BE54-9A1E7A4F7556}") = "Product.Api", "Product.Api\Product.Api.csproj", "{C01A0DD2-EFFA-4749-92F2-00E98AAC7BA3}"
EndProject
Project("{2150E333-8FDC-42A3-9474-1A3956D46DE8}") = "ConsoleApplication", "ConsoleApplication", "{AC25D8B5-7899-4E88-B235-0E6A91C38FFB}"
EndProject
Project("{FAE04EC0-301F-11D3-BF4B-00C04F79EFBC}") = "ConsumerRabbitMQ", "ConsumerRabbitMQ\ConsumerRabbitMQ.csproj", "{BA163264-1FF7-4B99-8136-EC61B5A5641B}"
EndProject
Global
	GlobalSection(SolutionConfigurationPlatforms) = preSolution
		Debug|Any CPU = Debug|Any CPU
		Release|Any CPU = Release|Any CPU
	EndGlobalSection
	GlobalSection(ProjectConfigurationPlatforms) = postSolution
		{C01A0DD2-EFFA-4749-92F2-00E98AAC7BA3}.Debug|Any CPU.ActiveCfg = Debug|Any CPU
		{C01A0DD2-EFFA-4749-92F2-00E98AAC7BA3}.Debug|Any CPU.Build.0 = Debug|Any CPU
		{C01A0DD2-EFFA-4749-92F2-00E98AAC7BA3}.Release|Any CPU.ActiveCfg = Release|Any CPU
		{C01A0DD2-EFFA-4749-92F2-00E98AAC7BA3}.Release|Any CPU.Build.0 = Release|Any CPU
		{BA163264-1FF7-4B99-8136-EC61B5A5641B}.Debug|Any CPU.ActiveCfg = Debug|Any CPU
		{BA163264-1FF7-4B99-8136-EC61B5A5641B}.Debug|Any CPU.Build.0 = Debug|Any CPU
		{BA163264-1FF7-4B99-8136-EC61B5A5641B}.Release|Any CPU.ActiveCfg = Release|Any CPU
		{BA163264-1FF7-4B99-8136-EC61B5A5641B}.Release|Any CPU.Build.0 = Release|Any CPU
	EndGlobalSection
	GlobalSection(SolutionProperties) = preSolution
		HideSolutionNode = FALSE
	EndGlobalSection
	GlobalSection(NestedProjects) = preSolution
		{C01A0DD2-EFFA-4749-92F2-00E98AAC7BA3} = {1AEA6B12-80D1-459F-BB0A-4DB9581D7BFA}
		{BA163264-1FF7-4B99-8136-EC61B5A5641B} = {AC25D8B5-7899-4E88-B235-0E6A91C38FFB}
	EndGlobalSection
	GlobalSection(ExtensibilityGlobals) = postSolution
		SolutionGuid = {B37742C6-CB3C-462E-B932-F25BF118F2A6}
	EndGlobalSection
EndGlobal
